
Microsoft Visual Studio Solution File, Format Version 12.00
# Visual Studio Version 16
VisualStudioVersion = 16.0.29306.81
MinimumVisualStudioVersion = 10.0.40219.1
Project("{FAE04EC0-301F-11D3-BF4B-00C04F79EFBC}") = "Find-A-Tutor.Frontend", "Find-A-Tutor.Frontend\Find-A-Tutor.Frontend.csproj", "{452D6AF1-D825-40CA-A895-287DE789682D}"
EndProject
Global
	GlobalSection(SolutionConfigurationPlatforms) = preSolution
		Debug|Any CPU = Debug|Any CPU
		Release|Any CPU = Release|Any CPU
	EndGlobalSection
	GlobalSection(ProjectConfigurationPlatforms) = postSolution
		{452D6AF1-D825-40CA-A895-287DE789682D}.Debug|Any CPU.ActiveCfg = Debug|Any CPU
		{452D6AF1-D825-40CA-A895-287DE789682D}.Debug|Any CPU.Build.0 = Debug|Any CPU
		{452D6AF1-D825-40CA-A895-287DE789682D}.Release|Any CPU.ActiveCfg = Release|Any CPU
		{452D6AF1-D825-40CA-A895-287DE789682D}.Release|Any CPU.Build.0 = Release|Any CPU
	EndGlobalSection
	GlobalSection(SolutionProperties) = preSolution
		HideSolutionNode = FALSE
	EndGlobalSection
	GlobalSection(ExtensibilityGlobals) = postSolution
		SolutionGuid = {14DC4422-861D-4D94-9B9A-990BA6BB7BC4}
	EndGlobalSection
EndGlobal
